// !$*UTF8*$!
{
	archiveVersion = 1;
	classes = {
	};
	objectVersion = 56;
	objects = {

/* Begin PBXBuildFile section */
		7E356F932B683C9600FEDD84 /* AppDelegate.swift in Sources */ = {isa = PBXBuildFile; fileRef = 7E356F922B683C9600FEDD84 /* AppDelegate.swift */; };
		7E356F952B683C9600FEDD84 /* SceneDelegate.swift in Sources */ = {isa = PBXBuildFile; fileRef = 7E356F942B683C9600FEDD84 /* SceneDelegate.swift */; };
		7E356F972B683C9600FEDD84 /* ViewController.swift in Sources */ = {isa = PBXBuildFile; fileRef = 7E356F962B683C9600FEDD84 /* ViewController.swift */; };
		7E356F9A2B683C9600FEDD84 /* Main.storyboard in Resources */ = {isa = PBXBuildFile; fileRef = 7E356F982B683C9600FEDD84 /* Main.storyboard */; };
		7E356F9C2B683C9B00FEDD84 /* Assets.xcassets in Resources */ = {isa = PBXBuildFile; fileRef = 7E356F9B2B683C9B00FEDD84 /* Assets.xcassets */; };
		7E356F9F2B683C9B00FEDD84 /* LaunchScreen.storyboard in Resources */ = {isa = PBXBuildFile; fileRef = 7E356F9D2B683C9B00FEDD84 /* LaunchScreen.storyboard */; };
		7E356FAA2B683C9C00FEDD84 /* MockAppTests.swift in Sources */ = {isa = PBXBuildFile; fileRef = 7E356FA92B683C9C00FEDD84 /* MockAppTests.swift */; };
		7E356FB42B683C9C00FEDD84 /* MockAppUITests.swift in Sources */ = {isa = PBXBuildFile; fileRef = 7E356FB32B683C9C00FEDD84 /* MockAppUITests.swift */; };
		7E356FB62B683C9C00FEDD84 /* MockAppUITestsLaunchTests.swift in Sources */ = {isa = PBXBuildFile; fileRef = 7E356FB52B683C9C00FEDD84 /* MockAppUITestsLaunchTests.swift */; };
		7E356FC42B683D4D00FEDD84 /* ApiCaller.swift in Sources */ = {isa = PBXBuildFile; fileRef = 7E356FC32B683D4D00FEDD84 /* ApiCaller.swift */; };
		7E356FC72B683E4400FEDD84 /* WeatherData.swift in Sources */ = {isa = PBXBuildFile; fileRef = 7E356FC62B683E4400FEDD84 /* WeatherData.swift */; };
		7E356FCA2B6845C400FEDD84 /* WeatherViewModel.swift in Sources */ = {isa = PBXBuildFile; fileRef = 7E356FC92B6845C400FEDD84 /* WeatherViewModel.swift */; };
/* End PBXBuildFile section */

/* Begin PBXContainerItemProxy section */
		7E356FA62B683C9C00FEDD84 /* PBXContainerItemProxy */ = {
			isa = PBXContainerItemProxy;
			containerPortal = 7E356F872B683C9600FEDD84 /* Project object */;
			proxyType = 1;
			remoteGlobalIDString = 7E356F8E2B683C9600FEDD84;
			remoteInfo = MockApp;
		};
		7E356FB02B683C9C00FEDD84 /* PBXContainerItemProxy */ = {
			isa = PBXContainerItemProxy;
			containerPortal = 7E356F872B683C9600FEDD84 /* Project object */;
			proxyType = 1;
			remoteGlobalIDString = 7E356F8E2B683C9600FEDD84;
			remoteInfo = MockApp;
		};
/* End PBXContainerItemProxy section */

/* Begin PBXFileReference section */
		7E356F8F2B683C9600FEDD84 /* MockApp.app */ = {isa = PBXFileReference; explicitFileType = wrapper.application; includeInIndex = 0; path = MockApp.app; sourceTree = BUILT_PRODUCTS_DIR; };
		7E356F922B683C9600FEDD84 /* AppDelegate.swift */ = {isa = PBXFileReference; lastKnownFileType = sourcecode.swift; path = AppDelegate.swift; sourceTree = "<group>"; };
		7E356F942B683C9600FEDD84 /* SceneDelegate.swift */ = {isa = PBXFileReference; lastKnownFileType = sourcecode.swift; path = SceneDelegate.swift; sourceTree = "<group>"; };
		7E356F962B683C9600FEDD84 /* ViewController.swift */ = {isa = PBXFileReference; lastKnownFileType = sourcecode.swift; path = ViewController.swift; sourceTree = "<group>"; };
		7E356F992B683C9600FEDD84 /* Base */ = {isa = PBXFileReference; lastKnownFileType = file.storyboard; name = Base; path = Base.lproj/Main.storyboard; sourceTree = "<group>"; };
		7E356F9B2B683C9B00FEDD84 /* Assets.xcassets */ = {isa = PBXFileReference; lastKnownFileType = folder.assetcatalog; path = Assets.xcassets; sourceTree = "<group>"; };
		7E356F9E2B683C9B00FEDD84 /* Base */ = {isa = PBXFileReference; lastKnownFileType = file.storyboard; name = Base; path = Base.lproj/LaunchScreen.storyboard; sourceTree = "<group>"; };
		7E356FA02B683C9B00FEDD84 /* Info.plist */ = {isa = PBXFileReference; lastKnownFileType = text.plist.xml; path = Info.plist; sourceTree = "<group>"; };
		7E356FA52B683C9C00FEDD84 /* MockAppTests.xctest */ = {isa = PBXFileReference; explicitFileType = wrapper.cfbundle; includeInIndex = 0; path = MockAppTests.xctest; sourceTree = BUILT_PRODUCTS_DIR; };
		7E356FA92B683C9C00FEDD84 /* MockAppTests.swift */ = {isa = PBXFileReference; lastKnownFileType = sourcecode.swift; path = MockAppTests.swift; sourceTree = "<group>"; };
		7E356FAF2B683C9C00FEDD84 /* MockAppUITests.xctest */ = {isa = PBXFileReference; explicitFileType = wrapper.cfbundle; includeInIndex = 0; path = MockAppUITests.xctest; sourceTree = BUILT_PRODUCTS_DIR; };
		7E356FB32B683C9C00FEDD84 /* MockAppUITests.swift */ = {isa = PBXFileReference; lastKnownFileType = sourcecode.swift; path = MockAppUITests.swift; sourceTree = "<group>"; };
		7E356FB52B683C9C00FEDD84 /* MockAppUITestsLaunchTests.swift */ = {isa = PBXFileReference; lastKnownFileType = sourcecode.swift; path = MockAppUITestsLaunchTests.swift; sourceTree = "<group>"; };
		7E356FC32B683D4D00FEDD84 /* ApiCaller.swift */ = {isa = PBXFileReference; lastKnownFileType = sourcecode.swift; path = ApiCaller.swift; sourceTree = "<group>"; };
		7E356FC62B683E4400FEDD84 /* WeatherData.swift */ = {isa = PBXFileReference; lastKnownFileType = sourcecode.swift; path = WeatherData.swift; sourceTree = "<group>"; };
		7E356FC92B6845C400FEDD84 /* WeatherViewModel.swift */ = {isa = PBXFileReference; lastKnownFileType = sourcecode.swift; path = WeatherViewModel.swift; sourceTree = "<group>"; };
/* End PBXFileReference section */

/* Begin PBXFrameworksBuildPhase section */
		7E356F8C2B683C9600FEDD84 /* Frameworks */ = {
			isa = PBXFrameworksBuildPhase;
			buildActionMask = 2147483647;
			files = (
			);
			runOnlyForDeploymentPostprocessing = 0;
		};
		7E356FA22B683C9C00FEDD84 /* Frameworks */ = {
			isa = PBXFrameworksBuildPhase;
			buildActionMask = 2147483647;
			files = (
			);
			runOnlyForDeploymentPostprocessing = 0;
		};
		7E356FAC2B683C9C00FEDD84 /* Frameworks */ = {
			isa = PBXFrameworksBuildPhase;
			buildActionMask = 2147483647;
			files = (
			);
			runOnlyForDeploymentPostprocessing = 0;
		};
/* End PBXFrameworksBuildPhase section */

/* Begin PBXGroup section */
		7E356F862B683C9600FEDD84 = {
			isa = PBXGroup;
			children = (
				7E356F912B683C9600FEDD84 /* MockApp */,
				7E356FA82B683C9C00FEDD84 /* MockAppTests */,
				7E356FB22B683C9C00FEDD84 /* MockAppUITests */,
				7E356F902B683C9600FEDD84 /* Products */,
			);
			sourceTree = "<group>";
		};
		7E356F902B683C9600FEDD84 /* Products */ = {
			isa = PBXGroup;
			children = (
				7E356F8F2B683C9600FEDD84 /* MockApp.app */,
				7E356FA52B683C9C00FEDD84 /* MockAppTests.xctest */,
				7E356FAF2B683C9C00FEDD84 /* MockAppUITests.xctest */,
			);
			name = Products;
			sourceTree = "<group>";
		};
		7E356F912B683C9600FEDD84 /* MockApp */ = {
			isa = PBXGroup;
			children = (
				7E356FC82B68458C00FEDD84 /* ViewModels */,
				7E356FC52B683E2400FEDD84 /* Models */,
				7E356FC22B683D2F00FEDD84 /* Networking */,
				7E356F922B683C9600FEDD84 /* AppDelegate.swift */,
				7E356F942B683C9600FEDD84 /* SceneDelegate.swift */,
				7E356F962B683C9600FEDD84 /* ViewController.swift */,
				7E356F982B683C9600FEDD84 /* Main.storyboard */,
				7E356F9B2B683C9B00FEDD84 /* Assets.xcassets */,
				7E356F9D2B683C9B00FEDD84 /* LaunchScreen.storyboard */,
				7E356FA02B683C9B00FEDD84 /* Info.plist */,
			);
			path = MockApp;
			sourceTree = "<group>";
		};
		7E356FA82B683C9C00FEDD84 /* MockAppTests */ = {
			isa = PBXGroup;
			children = (
				7E356FA92B683C9C00FEDD84 /* MockAppTests.swift */,
			);
			path = MockAppTests;
			sourceTree = "<group>";
		};
		7E356FB22B683C9C00FEDD84 /* MockAppUITests */ = {
			isa = PBXGroup;
			children = (
				7E356FB32B683C9C00FEDD84 /* MockAppUITests.swift */,
				7E356FB52B683C9C00FEDD84 /* MockAppUITestsLaunchTests.swift */,
			);
			path = MockAppUITests;
			sourceTree = "<group>";
		};
		7E356FC22B683D2F00FEDD84 /* Networking */ = {
			isa = PBXGroup;
			children = (
				7E356FC32B683D4D00FEDD84 /* ApiCaller.swift */,
			);
			path = Networking;
			sourceTree = "<group>";
		};
		7E356FC52B683E2400FEDD84 /* Models */ = {
			isa = PBXGroup;
			children = (
				7E356FC62B683E4400FEDD84 /* WeatherData.swift */,
			);
			path = Models;
			sourceTree = "<group>";
		};
		7E356FC82B68458C00FEDD84 /* ViewModels */ = {
			isa = PBXGroup;
			children = (
				7E356FC92B6845C400FEDD84 /* WeatherViewModel.swift */,
			);
			path = ViewModels;
			sourceTree = "<group>";
		};
/* End PBXGroup section */

/* Begin PBXNativeTarget section */
		7E356F8E2B683C9600FEDD84 /* MockApp */ = {
			isa = PBXNativeTarget;
			buildConfigurationList = 7E356FB92B683C9C00FEDD84 /* Build configuration list for PBXNativeTarget "MockApp" */;
			buildPhases = (
				7E356F8B2B683C9600FEDD84 /* Sources */,
				7E356F8C2B683C9600FEDD84 /* Frameworks */,
				7E356F8D2B683C9600FEDD84 /* Resources */,
			);
			buildRules = (
			);
			dependencies = (
			);
			name = MockApp;
			productName = MockApp;
			productReference = 7E356F8F2B683C9600FEDD84 /* MockApp.app */;
			productType = "com.apple.product-type.application";
		};
		7E356FA42B683C9C00FEDD84 /* MockAppTests */ = {
			isa = PBXNativeTarget;
			buildConfigurationList = 7E356FBC2B683C9C00FEDD84 /* Build configuration list for PBXNativeTarget "MockAppTests" */;
			buildPhases = (
				7E356FA12B683C9C00FEDD84 /* Sources */,
				7E356FA22B683C9C00FEDD84 /* Frameworks */,
				7E356FA32B683C9C00FEDD84 /* Resources */,
			);
			buildRules = (
			);
			dependencies = (
				7E356FA72B683C9C00FEDD84 /* PBXTargetDependency */,
			);
			name = MockAppTests;
			productName = MockAppTests;
			productReference = 7E356FA52B683C9C00FEDD84 /* MockAppTests.xctest */;
			productType = "com.apple.product-type.bundle.unit-test";
		};
		7E356FAE2B683C9C00FEDD84 /* MockAppUITests */ = {
			isa = PBXNativeTarget;
			buildConfigurationList = 7E356FBF2B683C9C00FEDD84 /* Build configuration list for PBXNativeTarget "MockAppUITests" */;
			buildPhases = (
				7E356FAB2B683C9C00FEDD84 /* Sources */,
				7E356FAC2B683C9C00FEDD84 /* Frameworks */,
				7E356FAD2B683C9C00FEDD84 /* Resources */,
			);
			buildRules = (
			);
			dependencies = (
				7E356FB12B683C9C00FEDD84 /* PBXTargetDependency */,
			);
			name = MockAppUITests;
			productName = MockAppUITests;
			productReference = 7E356FAF2B683C9C00FEDD84 /* MockAppUITests.xctest */;
			productType = "com.apple.product-type.bundle.ui-testing";
		};
/* End PBXNativeTarget section */

/* Begin PBXProject section */
		7E356F872B683C9600FEDD84 /* Project object */ = {
			isa = PBXProject;
			attributes = {
				BuildIndependentTargetsInParallel = 1;
				LastSwiftUpdateCheck = 1500;
				LastUpgradeCheck = 1500;
				TargetAttributes = {
					7E356F8E2B683C9600FEDD84 = {
						CreatedOnToolsVersion = 15.0.1;
					};
					7E356FA42B683C9C00FEDD84 = {
						CreatedOnToolsVersion = 15.0.1;
						TestTargetID = 7E356F8E2B683C9600FEDD84;
					};
					7E356FAE2B683C9C00FEDD84 = {
						CreatedOnToolsVersion = 15.0.1;
						TestTargetID = 7E356F8E2B683C9600FEDD84;
					};
				};
			};
			buildConfigurationList = 7E356F8A2B683C9600FEDD84 /* Build configuration list for PBXProject "MockApp" */;
			compatibilityVersion = "Xcode 14.0";
			developmentRegion = en;
			hasScannedForEncodings = 0;
			knownRegions = (
				en,
				Base,
			);
			mainGroup = 7E356F862B683C9600FEDD84;
			productRefGroup = 7E356F902B683C9600FEDD84 /* Products */;
			projectDirPath = "";
			projectRoot = "";
			targets = (
				7E356F8E2B683C9600FEDD84 /* MockApp */,
				7E356FA42B683C9C00FEDD84 /* MockAppTests */,
				7E356FAE2B683C9C00FEDD84 /* MockAppUITests */,
			);
		};
/* End PBXProject section */

/* Begin PBXResourcesBuildPhase section */
		7E356F8D2B683C9600FEDD84 /* Resources */ = {
			isa = PBXResourcesBuildPhase;
			buildActionMask = 2147483647;
			files = (
				7E356F9F2B683C9B00FEDD84 /* LaunchScreen.storyboard in Resources */,
				7E356F9C2B683C9B00FEDD84 /* Assets.xcassets in Resources */,
				7E356F9A2B683C9600FEDD84 /* Main.storyboard in Resources */,
			);
			runOnlyForDeploymentPostprocessing = 0;
		};
		7E356FA32B683C9C00FEDD84 /* Resources */ = {
			isa = PBXResourcesBuildPhase;
			buildActionMask = 2147483647;
			files = (
			);
			runOnlyForDeploymentPostprocessing = 0;
		};
		7E356FAD2B683C9C00FEDD84 /* Resources */ = {
			isa = PBXResourcesBuildPhase;
			buildActionMask = 2147483647;
			files = (
			);
			runOnlyForDeploymentPostprocessing = 0;
		};
/* End PBXResourcesBuildPhase section */

/* Begin PBXSourcesBuildPhase section */
		7E356F8B2B683C9600FEDD84 /* Sources */ = {
			isa = PBXSourcesBuildPhase;
			buildActionMask = 2147483647;
			files = (
				7E356F972B683C9600FEDD84 /* ViewController.swift in Sources */,
				7E356FCA2B6845C400FEDD84 /* WeatherViewModel.swift in Sources */,
				7E356FC72B683E4400FEDD84 /* WeatherData.swift in Sources */,
				7E356F932B683C9600FEDD84 /* AppDelegate.swift in Sources */,
				7E356F952B683C9600FEDD84 /* SceneDelegate.swift in Sources */,
				7E356FC42B683D4D00FEDD84 /* ApiCaller.swift in Sources */,
			);
			runOnlyForDeploymentPostprocessing = 0;
		};
		7E356FA12B683C9C00FEDD84 /* Sources */ = {
			isa = PBXSourcesBuildPhase;
			buildActionMask = 2147483647;
			files = (
				7E356FAA2B683C9C00FEDD84 /* MockAppTests.swift in Sources */,
			);
			runOnlyForDeploymentPostprocessing = 0;
		};
		7E356FAB2B683C9C00FEDD84 /* Sources */ = {
			isa = PBXSourcesBuildPhase;
			buildActionMask = 2147483647;
			files = (
				7E356FB62B683C9C00FEDD84 /* MockAppUITestsLaunchTests.swift in Sources */,
				7E356FB42B683C9C00FEDD84 /* MockAppUITests.swift in Sources */,
			);
			runOnlyForDeploymentPostprocessing = 0;
		};
/* End PBXSourcesBuildPhase section */

/* Begin PBXTargetDependency section */
		7E356FA72B683C9C00FEDD84 /* PBXTargetDependency */ = {
			isa = PBXTargetDependency;
			target = 7E356F8E2B683C9600FEDD84 /* MockApp */;
			targetProxy = 7E356FA62B683C9C00FEDD84 /* PBXContainerItemProxy */;
		};
		7E356FB12B683C9C00FEDD84 /* PBXTargetDependency */ = {
			isa = PBXTargetDependency;
			target = 7E356F8E2B683C9600FEDD84 /* MockApp */;
			targetProxy = 7E356FB02B683C9C00FEDD84 /* PBXContainerItemProxy */;
		};
/* End PBXTargetDependency section */

/* Begin PBXVariantGroup section */
		7E356F982B683C9600FEDD84 /* Main.storyboard */ = {
			isa = PBXVariantGroup;
			children = (
				7E356F992B683C9600FEDD84 /* Base */,
			);
			name = Main.storyboard;
			sourceTree = "<group>";
		};
		7E356F9D2B683C9B00FEDD84 /* LaunchScreen.storyboard */ = {
			isa = PBXVariantGroup;
			children = (
				7E356F9E2B683C9B00FEDD84 /* Base */,
			);
			name = LaunchScreen.storyboard;
			sourceTree = "<group>";
		};
/* End PBXVariantGroup section */

/* Begin XCBuildConfiguration section */
		7E356FB72B683C9C00FEDD84 /* Debug */ = {
			isa = XCBuildConfiguration;
			buildSettings = {
				ALWAYS_SEARCH_USER_PATHS = NO;
				ASSETCATALOG_COMPILER_GENERATE_SWIFT_ASSET_SYMBOL_EXTENSIONS = YES;
				CLANG_ANALYZER_NONNULL = YES;
				CLANG_ANALYZER_NUMBER_OBJECT_CONVERSION = YES_AGGRESSIVE;
				CLANG_CXX_LANGUAGE_STANDARD = "gnu++20";
				CLANG_ENABLE_MODULES = YES;
				CLANG_ENABLE_OBJC_ARC = YES;
				CLANG_ENABLE_OBJC_WEAK = YES;
				CLANG_WARN_BLOCK_CAPTURE_AUTORELEASING = YES;
				CLANG_WARN_BOOL_CONVERSION = YES;
				CLANG_WARN_COMMA = YES;
				CLANG_WARN_CONSTANT_CONVERSION = YES;
				CLANG_WARN_DEPRECATED_OBJC_IMPLEMENTATIONS = YES;
				CLANG_WARN_DIRECT_OBJC_ISA_USAGE = YES_ERROR;
				CLANG_WARN_DOCUMENTATION_COMMENTS = YES;
				CLANG_WARN_EMPTY_BODY = YES;
				CLANG_WARN_ENUM_CONVERSION = YES;
				CLANG_WARN_INFINITE_RECURSION = YES;
				CLANG_WARN_INT_CONVERSION = YES;
				CLANG_WARN_NON_LITERAL_NULL_CONVERSION = YES;
				CLANG_WARN_OBJC_IMPLICIT_RETAIN_SELF = YES;
				CLANG_WARN_OBJC_LITERAL_CONVERSION = YES;
				CLANG_WARN_OBJC_ROOT_CLASS = YES_ERROR;
				CLANG_WARN_QUOTED_INCLUDE_IN_FRAMEWORK_HEADER = YES;
				CLANG_WARN_RANGE_LOOP_ANALYSIS = YES;
				CLANG_WARN_STRICT_PROTOTYPES = YES;
				CLANG_WARN_SUSPICIOUS_MOVE = YES;
				CLANG_WARN_UNGUARDED_AVAILABILITY = YES_AGGRESSIVE;
				CLANG_WARN_UNREACHABLE_CODE = YES;
				CLANG_WARN__DUPLICATE_METHOD_MATCH = YES;
				COPY_PHASE_STRIP = NO;
				DEBUG_INFORMATION_FORMAT = dwarf;
				ENABLE_STRICT_OBJC_MSGSEND = YES;
				ENABLE_TESTABILITY = YES;
				ENABLE_USER_SCRIPT_SANDBOXING = YES;
				GCC_C_LANGUAGE_STANDARD = gnu17;
				GCC_DYNAMIC_NO_PIC = NO;
				GCC_NO_COMMON_BLOCKS = YES;
				GCC_OPTIMIZATION_LEVEL = 0;
				GCC_PREPROCESSOR_DEFINITIONS = (
					"DEBUG=1",
					"$(inherited)",
				);
				GCC_WARN_64_TO_32_BIT_CONVERSION = YES;
				GCC_WARN_ABOUT_RETURN_TYPE = YES_ERROR;
				GCC_WARN_UNDECLARED_SELECTOR = YES;
				GCC_WARN_UNINITIALIZED_AUTOS = YES_AGGRESSIVE;
				GCC_WARN_UNUSED_FUNCTION = YES;
				GCC_WARN_UNUSED_VARIABLE = YES;
				IPHONEOS_DEPLOYMENT_TARGET = 17.0;
				LOCALIZATION_PREFERS_STRING_CATALOGS = YES;
				MTL_ENABLE_DEBUG_INFO = INCLUDE_SOURCE;
				MTL_FAST_MATH = YES;
				ONLY_ACTIVE_ARCH = YES;
				SDKROOT = iphoneos;
				SWIFT_ACTIVE_COMPILATION_CONDITIONS = "DEBUG $(inherited)";
				SWIFT_OPTIMIZATION_LEVEL = "-Onone";
			};
			name = Debug;
		};
		7E356FB82B683C9C00FEDD84 /* Release */ = {
			isa = XCBuildConfiguration;
			buildSettings = {
				ALWAYS_SEARCH_USER_PATHS = NO;
				ASSETCATALOG_COMPILER_GENERATE_SWIFT_ASSET_SYMBOL_EXTENSIONS = YES;
				CLANG_ANALYZER_NONNULL = YES;
				CLANG_ANALYZER_NUMBER_OBJECT_CONVERSION = YES_AGGRESSIVE;
				CLANG_CXX_LANGUAGE_STANDARD = "gnu++20";
				CLANG_ENABLE_MODULES = YES;
				CLANG_ENABLE_OBJC_ARC = YES;
				CLANG_ENABLE_OBJC_WEAK = YES;
				CLANG_WARN_BLOCK_CAPTURE_AUTORELEASING = YES;
				CLANG_WARN_BOOL_CONVERSION = YES;
				CLANG_WARN_COMMA = YES;
				CLANG_WARN_CONSTANT_CONVERSION = YES;
				CLANG_WARN_DEPRECATED_OBJC_IMPLEMENTATIONS = YES;
				CLANG_WARN_DIRECT_OBJC_ISA_USAGE = YES_ERROR;
				CLANG_WARN_DOCUMENTATION_COMMENTS = YES;
				CLANG_WARN_EMPTY_BODY = YES;
				CLANG_WARN_ENUM_CONVERSION = YES;
				CLANG_WARN_INFINITE_RECURSION = YES;
				CLANG_WARN_INT_CONVERSION = YES;
				CLANG_WARN_NON_LITERAL_NULL_CONVERSION = YES;
				CLANG_WARN_OBJC_IMPLICIT_RETAIN_SELF = YES;
				CLANG_WARN_OBJC_LITERAL_CONVERSION = YES;
				CLANG_WARN_OBJC_ROOT_CLASS = YES_ERROR;
				CLANG_WARN_QUOTED_INCLUDE_IN_FRAMEWORK_HEADER = YES;
				CLANG_WARN_RANGE_LOOP_ANALYSIS = YES;
				CLANG_WARN_STRICT_PROTOTYPES = YES;
				CLANG_WARN_SUSPICIOUS_MOVE = YES;
				CLANG_WARN_UNGUARDED_AVAILABILITY = YES_AGGRESSIVE;
				CLANG_WARN_UNREACHABLE_CODE = YES;
				CLANG_WARN__DUPLICATE_METHOD_MATCH = YES;
				COPY_PHASE_STRIP = NO;
				DEBUG_INFORMATION_FORMAT = "dwarf-with-dsym";
				ENABLE_NS_ASSERTIONS = NO;
				ENABLE_STRICT_OBJC_MSGSEND = YES;
				ENABLE_USER_SCRIPT_SANDBOXING = YES;
				GCC_C_LANGUAGE_STANDARD = gnu17;
				GCC_NO_COMMON_BLOCKS = YES;
				GCC_WARN_64_TO_32_BIT_CONVERSION = YES;
				GCC_WARN_ABOUT_RETURN_TYPE = YES_ERROR;
				GCC_WARN_UNDECLARED_SELECTOR = YES;
				GCC_WARN_UNINITIALIZED_AUTOS = YES_AGGRESSIVE;
				GCC_WARN_UNUSED_FUNCTION = YES;
				GCC_WARN_UNUSED_VARIABLE = YES;
				IPHONEOS_DEPLOYMENT_TARGET = 17.0;
				LOCALIZATION_PREFERS_STRING_CATALOGS = YES;
				MTL_ENABLE_DEBUG_INFO = NO;
				MTL_FAST_MATH = YES;
				SDKROOT = iphoneos;
				SWIFT_COMPILATION_MODE = wholemodule;
				VALIDATE_PRODUCT = YES;
			};
			name = Release;
		};
		7E356FBA2B683C9C00FEDD84 /* Debug */ = {
			isa = XCBuildConfiguration;
			buildSettings = {
				ASSETCATALOG_COMPILER_APPICON_NAME = AppIcon;
				ASSETCATALOG_COMPILER_GLOBAL_ACCENT_COLOR_NAME = AccentColor;
				CODE_SIGN_STYLE = Automatic;
				CURRENT_PROJECT_VERSION = 1;
				GENERATE_INFOPLIST_FILE = YES;
				INFOPLIST_FILE = MockApp/Info.plist;
				INFOPLIST_KEY_UIApplicationSupportsIndirectInputEvents = YES;
				INFOPLIST_KEY_UILaunchStoryboardName = LaunchScreen;
				INFOPLIST_KEY_UIMainStoryboardFile = Main;
				INFOPLIST_KEY_UISupportedInterfaceOrientations_iPad = "UIInterfaceOrientationPortrait UIInterfaceOrientationPortraitUpsideDown UIInterfaceOrientationLandscapeLeft UIInterfaceOrientationLandscapeRight";
				INFOPLIST_KEY_UISupportedInterfaceOrientations_iPhone = "UIInterfaceOrientationPortrait UIInterfaceOrientationLandscapeLeft UIInterfaceOrientationLandscapeRight";
				LD_RUNPATH_SEARCH_PATHS = (
					"$(inherited)",
					"@executable_path/Frameworks",
				);
				MARKETING_VERSION = 1.0;
				PRODUCT_BUNDLE_IDENTIFIER = villacob.harold.MockApp;
				PRODUCT_NAME = "$(TARGET_NAME)";
				SWIFT_EMIT_LOC_STRINGS = YES;
				SWIFT_VERSION = 5.0;
				TARGETED_DEVICE_FAMILY = "1,2";
			};
			name = Debug;
		};
		7E356FBB2B683C9C00FEDD84 /* Release */ = {
			isa = XCBuildConfiguration;
			buildSettings = {
				ASSETCATALOG_COMPILER_APPICON_NAME = AppIcon;
				ASSETCATALOG_COMPILER_GLOBAL_ACCENT_COLOR_NAME = AccentColor;
				CODE_SIGN_STYLE = Automatic;
				CURRENT_PROJECT_VERSION = 1;
				GENERATE_INFOPLIST_FILE = YES;
				INFOPLIST_FILE = MockApp/Info.plist;
				INFOPLIST_KEY_UIApplicationSupportsIndirectInputEvents = YES;
				INFOPLIST_KEY_UILaunchStoryboardName = LaunchScreen;
				INFOPLIST_KEY_UIMainStoryboardFile = Main;
				INFOPLIST_KEY_UISupportedInterfaceOrientations_iPad = "UIInterfaceOrientationPortrait UIInterfaceOrientationPortraitUpsideDown UIInterfaceOrientationLandscapeLeft UIInterfaceOrientationLandscapeRight";
				INFOPLIST_KEY_UISupportedInterfaceOrientations_iPhone = "UIInterfaceOrientationPortrait UIInterfaceOrientationLandscapeLeft UIInterfaceOrientationLandscapeRight";
				LD_RUNPATH_SEARCH_PATHS = (
					"$(inherited)",
					"@executable_path/Frameworks",
				);
				MARKETING_VERSION = 1.0;
				PRODUCT_BUNDLE_IDENTIFIER = villacob.harold.MockApp;
				PRODUCT_NAME = "$(TARGET_NAME)";
				SWIFT_EMIT_LOC_STRINGS = YES;
				SWIFT_VERSION = 5.0;
				TARGETED_DEVICE_FAMILY = "1,2";
			};
			name = Release;
		};
		7E356FBD2B683C9C00FEDD84 /* Debug */ = {
			isa = XCBuildConfiguration;
			buildSettings = {
				ALWAYS_EMBED_SWIFT_STANDARD_LIBRARIES = YES;
				BUNDLE_LOADER = "$(TEST_HOST)";
				CODE_SIGN_STYLE = Automatic;
				CURRENT_PROJECT_VERSION = 1;
				GENERATE_INFOPLIST_FILE = YES;
				IPHONEOS_DEPLOYMENT_TARGET = 17.0;
				MARKETING_VERSION = 1.0;
				PRODUCT_BUNDLE_IDENTIFIER = villacob.harold.MockAppTests;
				PRODUCT_NAME = "$(TARGET_NAME)";
				SWIFT_EMIT_LOC_STRINGS = NO;
				SWIFT_VERSION = 5.0;
				TARGETED_DEVICE_FAMILY = "1,2";
				TEST_HOST = "$(BUILT_PRODUCTS_DIR)/MockApp.app/$(BUNDLE_EXECUTABLE_FOLDER_PATH)/MockApp";
			};
			name = Debug;
		};
		7E356FBE2B683C9C00FEDD84 /* Release */ = {
			isa = XCBuildConfiguration;
			buildSettings = {
				ALWAYS_EMBED_SWIFT_STANDARD_LIBRARIES = YES;
				BUNDLE_LOADER = "$(TEST_HOST)";
				CODE_SIGN_STYLE = Automatic;
				CURRENT_PROJECT_VERSION = 1;
				GENERATE_INFOPLIST_FILE = YES;
				IPHONEOS_DEPLOYMENT_TARGET = 17.0;
				MARKETING_VERSION = 1.0;
				PRODUCT_BUNDLE_IDENTIFIER = villacob.harold.MockAppTests;
				PRODUCT_NAME = "$(TARGET_NAME)";
				SWIFT_EMIT_LOC_STRINGS = NO;
				SWIFT_VERSION = 5.0;
				TARGETED_DEVICE_FAMILY = "1,2";
				TEST_HOST = "$(BUILT_PRODUCTS_DIR)/MockApp.app/$(BUNDLE_EXECUTABLE_FOLDER_PATH)/MockApp";
			};
			name = Release;
		};
		7E356FC02B683C9C00FEDD84 /* Debug */ = {
			isa = XCBuildConfiguration;
			buildSettings = {
				ALWAYS_EMBED_SWIFT_STANDARD_LIBRARIES = YES;
				CODE_SIGN_STYLE = Automatic;
				CURRENT_PROJECT_VERSION = 1;
				GENERATE_INFOPLIST_FILE = YES;
				MARKETING_VERSION = 1.0;
				PRODUCT_BUNDLE_IDENTIFIER = villacob.harold.MockAppUITests;
				PRODUCT_NAME = "$(TARGET_NAME)";
				SWIFT_EMIT_LOC_STRINGS = NO;
				SWIFT_VERSION = 5.0;
				TARGETED_DEVICE_FAMILY = "1,2";
				TEST_TARGET_NAME = MockApp;
			};
			name = Debug;
		};
		7E356FC12B683C9C00FEDD84 /* Release */ = {
			isa = XCBuildConfiguration;
			buildSettings = {
				ALWAYS_EMBED_SWIFT_STANDARD_LIBRARIES = YES;
				CODE_SIGN_STYLE = Automatic;
				CURRENT_PROJECT_VERSION = 1;
				GENERATE_INFOPLIST_FILE = YES;
				MARKETING_VERSION = 1.0;
				PRODUCT_BUNDLE_IDENTIFIER = villacob.harold.MockAppUITests;
				PRODUCT_NAME = "$(TARGET_NAME)";
				SWIFT_EMIT_LOC_STRINGS = NO;
				SWIFT_VERSION = 5.0;
				TARGETED_DEVICE_FAMILY = "1,2";
				TEST_TARGET_NAME = MockApp;
			};
			name = Release;
		};
/* End XCBuildConfiguration section */

/* Begin XCConfigurationList section */
		7E356F8A2B683C9600FEDD84 /* Build configuration list for PBXProject "MockApp" */ = {
			isa = XCConfigurationList;
			buildConfigurations = (
				7E356FB72B683C9C00FEDD84 /* Debug */,
				7E356FB82B683C9C00FEDD84 /* Release */,
			);
			defaultConfigurationIsVisible = 0;
			defaultConfigurationName = Release;
		};
		7E356FB92B683C9C00FEDD84 /* Build configuration list for PBXNativeTarget "MockApp" */ = {
			isa = XCConfigurationList;
			buildConfigurations = (
				7E356FBA2B683C9C00FEDD84 /* Debug */,
				7E356FBB2B683C9C00FEDD84 /* Release */,
			);
			defaultConfigurationIsVisible = 0;
			defaultConfigurationName = Release;
		};
		7E356FBC2B683C9C00FEDD84 /* Build configuration list for PBXNativeTarget "MockAppTests" */ = {
			isa = XCConfigurationList;
			buildConfigurations = (
				7E356FBD2B683C9C00FEDD84 /* Debug */,
				7E356FBE2B683C9C00FEDD84 /* Release */,
			);
			defaultConfigurationIsVisible = 0;
			defaultConfigurationName = Release;
		};
		7E356FBF2B683C9C00FEDD84 /* Build configuration list for PBXNativeTarget "MockAppUITests" */ = {
			isa = XCConfigurationList;
			buildConfigurations = (
				7E356FC02B683C9C00FEDD84 /* Debug */,
				7E356FC12B683C9C00FEDD84 /* Release */,
			);
			defaultConfigurationIsVisible = 0;
			defaultConfigurationName = Release;
		};
/* End XCConfigurationList section */
	};
	rootObject = 7E356F872B683C9600FEDD84 /* Project object */;
}
